// !$*UTF8*$!
{
	archiveVersion = 1;
	classes = {
	};
	objectVersion = 46;
	objects = {

/* Begin PBXBuildFile section */
		BE1D5B4A1DBC1EE800CB776E /* MyMIDI.cpp in Sources */ = {isa = PBXBuildFile; fileRef = BE1D5B461DBC1EE800CB776E /* MyMIDI.cpp */; };
		BE1D5B4B1DBC1EE800CB776E /* UtilityFunctions.cpp in Sources */ = {isa = PBXBuildFile; fileRef = BE1D5B481DBC1EE800CB776E /* UtilityFunctions.cpp */; };
		BE1D5B511DBC1FC600CB776E /* CoreMIDI.framework in Frameworks */ = {isa = PBXBuildFile; fileRef = BE1D5B501DBC1FC600CB776E /* CoreMIDI.framework */; };
		BE822A111DAD914E00A0A637 /* AppDelegate.mm in Sources */ = {isa = PBXBuildFile; fileRef = BE822A101DAD914E00A0A637 /* AppDelegate.mm */; };
		BE822A141DAD914E00A0A637 /* main.m in Sources */ = {isa = PBXBuildFile; fileRef = BE822A131DAD914E00A0A637 /* main.m */; };
		BE822A161DAD914E00A0A637 /* Assets.xcassets in Resources */ = {isa = PBXBuildFile; fileRef = BE822A151DAD914E00A0A637 /* Assets.xcassets */; };
		BE822A191DAD914E00A0A637 /* MainMenu.xib in Resources */ = {isa = PBXBuildFile; fileRef = BE822A171DAD914E00A0A637 /* MainMenu.xib */; };
		BE952E181DD6408300B4648F /* mks-bkgnd.png in Resources */ = {isa = PBXBuildFile; fileRef = BE952E171DD6408300B4648F /* mks-bkgnd.png */; };
		BE952E1F1DD6500900B4648F /* PatchButton.m in Sources */ = {isa = PBXBuildFile; fileRef = BE952E1E1DD6500900B4648F /* PatchButton.m */; };
		BED9171F1DD694F90062CFA6 /* Button Idle.png in Resources */ = {isa = PBXBuildFile; fileRef = BED9171E1DD694F90062CFA6 /* Button Idle.png */; };
		BED917231DD6970B0062CFA6 /* Patch Button Lit.png in Resources */ = {isa = PBXBuildFile; fileRef = BED917221DD6970B0062CFA6 /* Patch Button Lit.png */; };
/* End PBXBuildFile section */

/* Begin PBXFileReference section */
		BE1D5B461DBC1EE800CB776E /* MyMIDI.cpp */ = {isa = PBXFileReference; fileEncoding = 4; lastKnownFileType = sourcecode.cpp.cpp; path = MyMIDI.cpp; sourceTree = "<group>"; };
		BE1D5B471DBC1EE800CB776E /* MyMIDI.hpp */ = {isa = PBXFileReference; fileEncoding = 4; lastKnownFileType = sourcecode.cpp.h; path = MyMIDI.hpp; sourceTree = "<group>"; };
		BE1D5B481DBC1EE800CB776E /* UtilityFunctions.cpp */ = {isa = PBXFileReference; fileEncoding = 4; lastKnownFileType = sourcecode.cpp.cpp; path = UtilityFunctions.cpp; sourceTree = "<group>"; };
		BE1D5B491DBC1EE800CB776E /* UtilityFunctions.hpp */ = {isa = PBXFileReference; fileEncoding = 4; lastKnownFileType = sourcecode.cpp.h; path = UtilityFunctions.hpp; sourceTree = "<group>"; };
		BE1D5B4D1DBC1F0E00CB776E /* CoreAudio.framework */ = {isa = PBXFileReference; lastKnownFileType = wrapper.framework; name = CoreAudio.framework; path = System/Library/Frameworks/CoreAudio.framework; sourceTree = SDKROOT; };
		BE1D5B501DBC1FC600CB776E /* CoreMIDI.framework */ = {isa = PBXFileReference; lastKnownFileType = wrapper.framework; name = CoreMIDI.framework; path = System/Library/Frameworks/CoreMIDI.framework; sourceTree = SDKROOT; };
		BE49FA281DBDD2AC0077BD22 /* MKSConstant.h */ = {isa = PBXFileReference; lastKnownFileType = sourcecode.c.h; path = MKSConstant.h; sourceTree = "<group>"; };
		BE822A0C1DAD914E00A0A637 /* MKS Librarian.app */ = {isa = PBXFileReference; explicitFileType = wrapper.application; includeInIndex = 0; path = "MKS Librarian.app"; sourceTree = BUILT_PRODUCTS_DIR; };
		BE822A0F1DAD914E00A0A637 /* AppDelegate.hh */ = {isa = PBXFileReference; lastKnownFileType = sourcecode.cpp.h; path = AppDelegate.hh; sourceTree = "<group>"; };
		BE822A101DAD914E00A0A637 /* AppDelegate.mm */ = {isa = PBXFileReference; lastKnownFileType = sourcecode.cpp.objcpp; path = AppDelegate.mm; sourceTree = "<group>"; };
		BE822A131DAD914E00A0A637 /* main.m */ = {isa = PBXFileReference; lastKnownFileType = sourcecode.c.objc; path = main.m; sourceTree = "<group>"; };
		BE822A151DAD914E00A0A637 /* Assets.xcassets */ = {isa = PBXFileReference; lastKnownFileType = folder.assetcatalog; path = Assets.xcassets; sourceTree = "<group>"; };
		BE822A181DAD914E00A0A637 /* Base */ = {isa = PBXFileReference; lastKnownFileType = file.xib; name = Base; path = Base.lproj/MainMenu.xib; sourceTree = "<group>"; };
		BE822A1A1DAD914E00A0A637 /* Info.plist */ = {isa = PBXFileReference; lastKnownFileType = text.plist.xml; path = Info.plist; sourceTree = "<group>"; };
		BE952E171DD6408300B4648F /* mks-bkgnd.png */ = {isa = PBXFileReference; lastKnownFileType = image.png; path = "mks-bkgnd.png"; sourceTree = "<group>"; };
		BE952E1D1DD6500900B4648F /* PatchButton.h */ = {isa = PBXFileReference; fileEncoding = 4; lastKnownFileType = sourcecode.c.h; path = PatchButton.h; sourceTree = "<group>"; };
		BE952E1E1DD6500900B4648F /* PatchButton.m */ = {isa = PBXFileReference; fileEncoding = 4; lastKnownFileType = sourcecode.c.objc; path = PatchButton.m; sourceTree = "<group>"; };
		BEA698CF1DBD3A260013DD9B /* SliderEnum.hh */ = {isa = PBXFileReference; lastKnownFileType = sourcecode.cpp.h; path = SliderEnum.hh; sourceTree = "<group>"; };
		BED9171E1DD694F90062CFA6 /* Button Idle.png */ = {isa = PBXFileReference; lastKnownFileType = image.png; path = "Button Idle.png"; sourceTree = "<group>"; };
		BED917221DD6970B0062CFA6 /* Patch Button Lit.png */ = {isa = PBXFileReference; lastKnownFileType = image.png; path = "Patch Button Lit.png"; sourceTree = "<group>"; };
/* End PBXFileReference section */

/* Begin PBXFrameworksBuildPhase section */
		BE822A091DAD914E00A0A637 /* Frameworks */ = {
			isa = PBXFrameworksBuildPhase;
			buildActionMask = 2147483647;
			files = (
				BE1D5B511DBC1FC600CB776E /* CoreMIDI.framework in Frameworks */,
			);
			runOnlyForDeploymentPostprocessing = 0;
		};
/* End PBXFrameworksBuildPhase section */

/* Begin PBXGroup section */
		BE1D5B4C1DBC1F0E00CB776E /* Frameworks */ = {
			isa = PBXGroup;
			children = (
				BE1D5B501DBC1FC600CB776E /* CoreMIDI.framework */,
				BE1D5B4D1DBC1F0E00CB776E /* CoreAudio.framework */,
			);
			name = Frameworks;
			sourceTree = "<group>";
		};
		BE1D5B4F1DBC1F5C00CB776E /* Midi */ = {
			isa = PBXGroup;
			children = (
				BE1D5B471DBC1EE800CB776E /* MyMIDI.hpp */,
				BE1D5B461DBC1EE800CB776E /* MyMIDI.cpp */,
				BE1D5B481DBC1EE800CB776E /* UtilityFunctions.cpp */,
				BE1D5B491DBC1EE800CB776E /* UtilityFunctions.hpp */,
			);
			name = Midi;
			sourceTree = "<group>";
		};
		BE822A031DAD914E00A0A637 = {
			isa = PBXGroup;
			children = (
				BE822A0E1DAD914E00A0A637 /* MKS Librarian */,
				BE822A0D1DAD914E00A0A637 /* Products */,
				BE1D5B4C1DBC1F0E00CB776E /* Frameworks */,
			);
			sourceTree = "<group>";
		};
		BE822A0D1DAD914E00A0A637 /* Products */ = {
			isa = PBXGroup;
			children = (
				BE822A0C1DAD914E00A0A637 /* MKS Librarian.app */,
			);
			name = Products;
			sourceTree = "<group>";
		};
		BE822A0E1DAD914E00A0A637 /* MKS Librarian */ = {
			isa = PBXGroup;
			children = (
				BE822A0F1DAD914E00A0A637 /* AppDelegate.hh */,
				BE822A101DAD914E00A0A637 /* AppDelegate.mm */,
				BE49FA281DBDD2AC0077BD22 /* MKSConstant.h */,
				BEA698CF1DBD3A260013DD9B /* SliderEnum.hh */,
				BE1D5B4F1DBC1F5C00CB776E /* Midi */,
				BE822A151DAD914E00A0A637 /* Assets.xcassets */,
				BE822A171DAD914E00A0A637 /* MainMenu.xib */,
				BE822A1A1DAD914E00A0A637 /* Info.plist */,
				BE822A221DAD917200A0A637 /* Images */,
				BE822A121DAD914E00A0A637 /* Supporting Files */,
				BE952E201DD6501600B4648F /* UI */,
			);
			path = "MKS Librarian";
			sourceTree = "<group>";
		};
		BE822A121DAD914E00A0A637 /* Supporting Files */ = {
			isa = PBXGroup;
			children = (
				BE822A131DAD914E00A0A637 /* main.m */,
			);
			name = "Supporting Files";
			sourceTree = "<group>";
		};
		BE822A221DAD917200A0A637 /* Images */ = {
			isa = PBXGroup;
			children = (
				BED9171E1DD694F90062CFA6 /* Button Idle.png */,
				BED917221DD6970B0062CFA6 /* Patch Button Lit.png */,
				BE952E171DD6408300B4648F /* mks-bkgnd.png */,
			);
			name = Images;
			sourceTree = "<group>";
		};
		BE952E201DD6501600B4648F /* UI */ = {
			isa = PBXGroup;
			children = (
				BE952E1D1DD6500900B4648F /* PatchButton.h */,
				BE952E1E1DD6500900B4648F /* PatchButton.m */,
			);
			name = UI;
			sourceTree = "<group>";
		};
/* End PBXGroup section */

/* Begin PBXNativeTarget section */
		BE822A0B1DAD914E00A0A637 /* MKS Librarian */ = {
			isa = PBXNativeTarget;
			buildConfigurationList = BE822A1D1DAD914E00A0A637 /* Build configuration list for PBXNativeTarget "MKS Librarian" */;
			buildPhases = (
				BE822A081DAD914E00A0A637 /* Sources */,
				BE822A091DAD914E00A0A637 /* Frameworks */,
				BE822A0A1DAD914E00A0A637 /* Resources */,
			);
			buildRules = (
			);
			dependencies = (
			);
			name = "MKS Librarian";
			productName = "MKS Librarian";
			productReference = BE822A0C1DAD914E00A0A637 /* MKS Librarian.app */;
			productType = "com.apple.product-type.application";
		};
/* End PBXNativeTarget section */

/* Begin PBXProject section */
		BE822A041DAD914E00A0A637 /* Project object */ = {
			isa = PBXProject;
			attributes = {
				LastUpgradeCheck = 0800;
				ORGANIZATIONNAME = "Steven Novak";
				TargetAttributes = {
					BE822A0B1DAD914E00A0A637 = {
						CreatedOnToolsVersion = 8.0;
						ProvisioningStyle = Automatic;
					};
				};
			};
			buildConfigurationList = BE822A071DAD914E00A0A637 /* Build configuration list for PBXProject "MKS Librarian" */;
			compatibilityVersion = "Xcode 3.2";
			developmentRegion = English;
			hasScannedForEncodings = 0;
			knownRegions = (
				en,
				Base,
			);
			mainGroup = BE822A031DAD914E00A0A637;
			productRefGroup = BE822A0D1DAD914E00A0A637 /* Products */;
			projectDirPath = "";
			projectRoot = "";
			targets = (
				BE822A0B1DAD914E00A0A637 /* MKS Librarian */,
			);
		};
/* End PBXProject section */

/* Begin PBXResourcesBuildPhase section */
		BE822A0A1DAD914E00A0A637 /* Resources */ = {
			isa = PBXResourcesBuildPhase;
			buildActionMask = 2147483647;
			files = (
				BE952E181DD6408300B4648F /* mks-bkgnd.png in Resources */,
				BED9171F1DD694F90062CFA6 /* Button Idle.png in Resources */,
				BE822A161DAD914E00A0A637 /* Assets.xcassets in Resources */,
				BE822A191DAD914E00A0A637 /* MainMenu.xib in Resources */,
				BED917231DD6970B0062CFA6 /* Patch Button Lit.png in Resources */,
			);
			runOnlyForDeploymentPostprocessing = 0;
		};
/* End PBXResourcesBuildPhase section */

/* Begin PBXSourcesBuildPhase section */
		BE822A081DAD914E00A0A637 /* Sources */ = {
			isa = PBXSourcesBuildPhase;
			buildActionMask = 2147483647;
			files = (
				BE822A141DAD914E00A0A637 /* main.m in Sources */,
				BE1D5B4A1DBC1EE800CB776E /* MyMIDI.cpp in Sources */,
				BE1D5B4B1DBC1EE800CB776E /* UtilityFunctions.cpp in Sources */,
				BE822A111DAD914E00A0A637 /* AppDelegate.mm in Sources */,
				BE952E1F1DD6500900B4648F /* PatchButton.m in Sources */,
			);
			runOnlyForDeploymentPostprocessing = 0;
		};
/* End PBXSourcesBuildPhase section */

/* Begin PBXVariantGroup section */
		BE822A171DAD914E00A0A637 /* MainMenu.xib */ = {
			isa = PBXVariantGroup;
			children = (
				BE822A181DAD914E00A0A637 /* Base */,
			);
			name = MainMenu.xib;
			sourceTree = "<group>";
		};
/* End PBXVariantGroup section */

/* Begin XCBuildConfiguration section */
		BE822A1B1DAD914E00A0A637 /* Debug */ = {
			isa = XCBuildConfiguration;
			buildSettings = {
				ALWAYS_SEARCH_USER_PATHS = NO;
				CLANG_ANALYZER_NONNULL = YES;
				CLANG_CXX_LANGUAGE_STANDARD = "gnu++0x";
				CLANG_CXX_LIBRARY = "libc++";
				CLANG_ENABLE_MODULES = YES;
				CLANG_ENABLE_OBJC_ARC = YES;
				CLANG_WARN_BOOL_CONVERSION = YES;
				CLANG_WARN_CONSTANT_CONVERSION = YES;
				CLANG_WARN_DIRECT_OBJC_ISA_USAGE = YES_ERROR;
				CLANG_WARN_DOCUMENTATION_COMMENTS = YES;
				CLANG_WARN_EMPTY_BODY = YES;
				CLANG_WARN_ENUM_CONVERSION = YES;
				CLANG_WARN_INFINITE_RECURSION = YES;
				CLANG_WARN_INT_CONVERSION = YES;
				CLANG_WARN_OBJC_ROOT_CLASS = YES_ERROR;
				CLANG_WARN_SUSPICIOUS_MOVES = YES;
				CLANG_WARN_UNREACHABLE_CODE = YES;
				CLANG_WARN__DUPLICATE_METHOD_MATCH = YES;
				CODE_SIGN_IDENTITY = "-";
				COPY_PHASE_STRIP = NO;
				DEBUG_INFORMATION_FORMAT = dwarf;
				ENABLE_STRICT_OBJC_MSGSEND = YES;
				ENABLE_TESTABILITY = YES;
				GCC_C_LANGUAGE_STANDARD = gnu99;
				GCC_DYNAMIC_NO_PIC = NO;
				GCC_NO_COMMON_BLOCKS = YES;
				GCC_OPTIMIZATION_LEVEL = 0;
				GCC_PREPROCESSOR_DEFINITIONS = (
					"DEBUG=1",
					"$(inherited)",
				);
				GCC_WARN_64_TO_32_BIT_CONVERSION = YES;
				GCC_WARN_ABOUT_RETURN_TYPE = YES_ERROR;
				GCC_WARN_UNDECLARED_SELECTOR = YES;
				GCC_WARN_UNINITIALIZED_AUTOS = YES_AGGRESSIVE;
				GCC_WARN_UNUSED_FUNCTION = YES;
				GCC_WARN_UNUSED_VARIABLE = YES;
				MACOSX_DEPLOYMENT_TARGET = 10.12;
				MTL_ENABLE_DEBUG_INFO = YES;
				ONLY_ACTIVE_ARCH = YES;
				SDKROOT = macosx;
			};
			name = Debug;
		};
		BE822A1C1DAD914E00A0A637 /* Release */ = {
			isa = XCBuildConfiguration;
			buildSettings = {
				ALWAYS_SEARCH_USER_PATHS = NO;
				CLANG_ANALYZER_NONNULL = YES;
				CLANG_CXX_LANGUAGE_STANDARD = "gnu++0x";
				CLANG_CXX_LIBRARY = "libc++";
				CLANG_ENABLE_MODULES = YES;
				CLANG_ENABLE_OBJC_ARC = YES;
				CLANG_WARN_BOOL_CONVERSION = YES;
				CLANG_WARN_CONSTANT_CONVERSION = YES;
				CLANG_WARN_DIRECT_OBJC_ISA_USAGE = YES_ERROR;
				CLANG_WARN_DOCUMENTATION_COMMENTS = YES;
				CLANG_WARN_EMPTY_BODY = YES;
				CLANG_WARN_ENUM_CONVERSION = YES;
				CLANG_WARN_INFINITE_RECURSION = YES;
				CLANG_WARN_INT_CONVERSION = YES;
				CLANG_WARN_OBJC_ROOT_CLASS = YES_ERROR;
				CLANG_WARN_SUSPICIOUS_MOVES = YES;
				CLANG_WARN_UNREACHABLE_CODE = YES;
				CLANG_WARN__DUPLICATE_METHOD_MATCH = YES;
				CODE_SIGN_IDENTITY = "-";
				COPY_PHASE_STRIP = NO;
				DEBUG_INFORMATION_FORMAT = "dwarf-with-dsym";
				ENABLE_NS_ASSERTIONS = NO;
				ENABLE_STRICT_OBJC_MSGSEND = YES;
				GCC_C_LANGUAGE_STANDARD = gnu99;
				GCC_NO_COMMON_BLOCKS = YES;
				GCC_WARN_64_TO_32_BIT_CONVERSION = YES;
				GCC_WARN_ABOUT_RETURN_TYPE = YES_ERROR;
				GCC_WARN_UNDECLARED_SELECTOR = YES;
				GCC_WARN_UNINITIALIZED_AUTOS = YES_AGGRESSIVE;
				GCC_WARN_UNUSED_FUNCTION = YES;
				GCC_WARN_UNUSED_VARIABLE = YES;
				MACOSX_DEPLOYMENT_TARGET = 10.12;
				MTL_ENABLE_DEBUG_INFO = NO;
				SDKROOT = macosx;
			};
			name = Release;
		};
		BE822A1E1DAD914E00A0A637 /* Debug */ = {
			isa = XCBuildConfiguration;
			buildSettings = {
				ASSETCATALOG_COMPILER_APPICON_NAME = AppIcon;
				CLANG_CXX_LIBRARY = "libc++";
				COMBINE_HIDPI_IMAGES = YES;
				INFOPLIST_FILE = "MKS Librarian/Info.plist";
				LD_RUNPATH_SEARCH_PATHS = "$(inherited) @executable_path/../Frameworks";
				PRODUCT_BUNDLE_IDENTIFIER = "Novy.MKS-Librarian";
				PRODUCT_NAME = "$(TARGET_NAME)";
			};
			name = Debug;
		};
		BE822A1F1DAD914E00A0A637 /* Release */ = {
			isa = XCBuildConfiguration;
			buildSettings = {
				ASSETCATALOG_COMPILER_APPICON_NAME = AppIcon;
				CLANG_CXX_LIBRARY = "libc++";
				COMBINE_HIDPI_IMAGES = YES;
				INFOPLIST_FILE = "MKS Librarian/Info.plist";
				LD_RUNPATH_SEARCH_PATHS = "$(inherited) @executable_path/../Frameworks";
				PRODUCT_BUNDLE_IDENTIFIER = "Novy.MKS-Librarian";
				PRODUCT_NAME = "$(TARGET_NAME)";
			};
			name = Release;
		};
/* End XCBuildConfiguration section */

/* Begin XCConfigurationList section */
		BE822A071DAD914E00A0A637 /* Build configuration list for PBXProject "MKS Librarian" */ = {
			isa = XCConfigurationList;
			buildConfigurations = (
				BE822A1B1DAD914E00A0A637 /* Debug */,
				BE822A1C1DAD914E00A0A637 /* Release */,
			);
			defaultConfigurationIsVisible = 0;
			defaultConfigurationName = Release;
		};
		BE822A1D1DAD914E00A0A637 /* Build configuration list for PBXNativeTarget "MKS Librarian" */ = {
			isa = XCConfigurationList;
			buildConfigurations = (
				BE822A1E1DAD914E00A0A637 /* Debug */,
				BE822A1F1DAD914E00A0A637 /* Release */,
			);
			defaultConfigurationIsVisible = 0;
			defaultConfigurationName = Release;
		};
/* End XCConfigurationList section */
	};
	rootObject = BE822A041DAD914E00A0A637 /* Project object */;
}
